
Microsoft Visual Studio Solution File, Format Version 12.00
# Visual Studio 15
VisualStudioVersion = 15.0.28307.329
MinimumVisualStudioVersion = 10.0.40219.1
Project("{FAE04EC0-301F-11D3-BF4B-00C04F79EFBC}") = "Rental.WEB", "Rental.WEB\Rental.WEB.csproj", "{C7F3CEB3-4264-48F5-AA02-923B5C41CA36}"
EndProject
Project("{FAE04EC0-301F-11D3-BF4B-00C04F79EFBC}") = "Rental.DAL", "Rental.DAL\Rental.DAL.csproj", "{A384728A-782B-46DA-948F-FD91A9B4CB78}"
EndProject
Project("{FAE04EC0-301F-11D3-BF4B-00C04F79EFBC}") = "Rental.BLL", "Rental.BLL\Rental.BLL.csproj", "{277C7CA2-DE6B-4350-B5F5-3D03FE4EFF85}"
EndProject
Project("{FAE04EC0-301F-11D3-BF4B-00C04F79EFBC}") = "Rental.Tests", "Rental.Tests\Rental.Tests.csproj", "{8A5342FD-C977-4DAB-8BF7-32D7440EED32}"
EndProject
Global
	GlobalSection(SolutionConfigurationPlatforms) = preSolution
		Debug|Any CPU = Debug|Any CPU
		Release|Any CPU = Release|Any CPU
	EndGlobalSection
	GlobalSection(ProjectConfigurationPlatforms) = postSolution
		{C7F3CEB3-4264-48F5-AA02-923B5C41CA36}.Debug|Any CPU.ActiveCfg = Debug|Any CPU
		{C7F3CEB3-4264-48F5-AA02-923B5C41CA36}.Debug|Any CPU.Build.0 = Debug|Any CPU
		{C7F3CEB3-4264-48F5-AA02-923B5C41CA36}.Release|Any CPU.ActiveCfg = Release|Any CPU
		{C7F3CEB3-4264-48F5-AA02-923B5C41CA36}.Release|Any CPU.Build.0 = Release|Any CPU
		{A384728A-782B-46DA-948F-FD91A9B4CB78}.Debug|Any CPU.ActiveCfg = Debug|Any CPU
		{A384728A-782B-46DA-948F-FD91A9B4CB78}.Debug|Any CPU.Build.0 = Debug|Any CPU
		{A384728A-782B-46DA-948F-FD91A9B4CB78}.Release|Any CPU.ActiveCfg = Release|Any CPU
		{A384728A-782B-46DA-948F-FD91A9B4CB78}.Release|Any CPU.Build.0 = Release|Any CPU
		{277C7CA2-DE6B-4350-B5F5-3D03FE4EFF85}.Debug|Any CPU.ActiveCfg = Debug|Any CPU
		{277C7CA2-DE6B-4350-B5F5-3D03FE4EFF85}.Debug|Any CPU.Build.0 = Debug|Any CPU
		{277C7CA2-DE6B-4350-B5F5-3D03FE4EFF85}.Release|Any CPU.ActiveCfg = Release|Any CPU
		{277C7CA2-DE6B-4350-B5F5-3D03FE4EFF85}.Release|Any CPU.Build.0 = Release|Any CPU
		{8A5342FD-C977-4DAB-8BF7-32D7440EED32}.Debug|Any CPU.ActiveCfg = Debug|Any CPU
		{8A5342FD-C977-4DAB-8BF7-32D7440EED32}.Debug|Any CPU.Build.0 = Debug|Any CPU
		{8A5342FD-C977-4DAB-8BF7-32D7440EED32}.Release|Any CPU.ActiveCfg = Release|Any CPU
		{8A5342FD-C977-4DAB-8BF7-32D7440EED32}.Release|Any CPU.Build.0 = Release|Any CPU
	EndGlobalSection
	GlobalSection(SolutionProperties) = preSolution
		HideSolutionNode = FALSE
	EndGlobalSection
	GlobalSection(ExtensibilityGlobals) = postSolution
		SolutionGuid = {59F51607-2ADC-497B-ADC2-C53714F55E87}
	EndGlobalSection
EndGlobal
